hash: 55c7b36966cecd278aa8a9305e78179c80dea41468e0e22d98ad12e27ba71647
updated: 2017-05-25T18:21:24.07150266+03:00
imports:
- name: github.com/gorilla/handlers
  version: a4043c62cc2329bacda331d33fc908ab11ef0ec3
- name: github.com/gorilla/mux
  version: bcd8bc72b08df0f70df986b97f95590779502d31
testImports: []
